
Microsoft Visual Studio Solution File, Format Version 12.00
# Visual Studio Version 16
VisualStudioVersion = 16.0
MinimumVisualStudioVersion = 15.0.26124.0
Project("{9A19103F-16F7-4668-BE54-9A1E7A4F7556}") = "A6k.Messaging", "A6k.Messaging\A6k.Messaging.csproj", "{3CAEB7E8-FE13-40BE-A2A5-006C32702511}"
EndProject
Project("{9A19103F-16F7-4668-BE54-9A1E7A4F7556}") = "A6k.Messaging.Kafka", "A6k.Messaging.Kafka\A6k.Messaging.Kafka.csproj", "{C81B60E8-4FB5-431B-8C04-FDB92788402D}"
EndProject
Project("{9A19103F-16F7-4668-BE54-9A1E7A4F7556}") = "A6k.Messaging.Kafka.Rest", "A6k.Messaging.Kafka.Rest\A6k.Messaging.Kafka.Rest.csproj", "{022B2DA0-B72B-43D7-9F9F-594126819251}"
EndProject
Project("{2150E333-8FDC-42A3-9474-1A3956D46DE8}") = "Solution Items", "Solution Items", "{D0F6E472-ADA2-4C5B-BEBA-6872044FABB6}"
	ProjectSection(SolutionItems) = preProject
		..\build.sh = ..\build.sh
		..\game.ruleset = ..\game.ruleset
		..\Local.Build.props = ..\Local.Build.props
		..\version.json = ..\version.json
	EndProjectSection
EndProject
Project("{2150E333-8FDC-42A3-9474-1A3956D46DE8}") = "Tests", "Tests", "{E7136787-4FD1-4D28-8E3D-60C62A548F85}"
EndProject
Project("{9A19103F-16F7-4668-BE54-9A1E7A4F7556}") = "A6k.Messaging.Tests", "A6k.Messaging.Tests\A6k.Messaging.Tests.csproj", "{FF80FBFD-7607-45DD-AABF-EE79370F4C58}"
EndProject
Project("{9A19103F-16F7-4668-BE54-9A1E7A4F7556}") = "A6k.Messaging.Benchmarks", "A6k.Messaging.Benchmarks\A6k.Messaging.Benchmarks.csproj", "{9EC5E5FD-EF7C-4A92-B58C-AA297BE391DC}"
EndProject
Project("{9A19103F-16F7-4668-BE54-9A1E7A4F7556}") = "A6k.Messaging.Kafka.Tests", "A6k.Messaging.Kafka.Tests\A6k.Messaging.Kafka.Tests.csproj", "{29D18DD1-A031-403B-8E58-F2F541EF36B0}"
EndProject
Project("{2150E333-8FDC-42A3-9474-1A3956D46DE8}") = "Samples", "Samples", "{61C3E688-795A-4130-A974-F68770B45E93}"
EndProject
Project("{9A19103F-16F7-4668-BE54-9A1E7A4F7556}") = "SampleConsumer", "samples\SampleConsumer\SampleConsumer.csproj", "{04F68ED2-85C7-49CE-AC3F-A167A78251EC}"
EndProject
Project("{9A19103F-16F7-4668-BE54-9A1E7A4F7556}") = "SampleProducer", "samples\SampleProducer\SampleProducer.csproj", "{70F63701-D1DC-4A85-9728-8B02A48CB440}"
EndProject
Global
	GlobalSection(SolutionConfigurationPlatforms) = preSolution
		Debug|Any CPU = Debug|Any CPU
		Debug|x64 = Debug|x64
		Debug|x86 = Debug|x86
		Release|Any CPU = Release|Any CPU
		Release|x64 = Release|x64
		Release|x86 = Release|x86
	EndGlobalSection
	GlobalSection(ProjectConfigurationPlatforms) = postSolution
		{3CAEB7E8-FE13-40BE-A2A5-006C32702511}.Debug|Any CPU.ActiveCfg = Debug|Any CPU
		{3CAEB7E8-FE13-40BE-A2A5-006C32702511}.Debug|Any CPU.Build.0 = Debug|Any CPU
		{3CAEB7E8-FE13-40BE-A2A5-006C32702511}.Debug|x64.ActiveCfg = Debug|Any CPU
		{3CAEB7E8-FE13-40BE-A2A5-006C32702511}.Debug|x64.Build.0 = Debug|Any CPU
		{3CAEB7E8-FE13-40BE-A2A5-006C32702511}.Debug|x86.ActiveCfg = Debug|Any CPU
		{3CAEB7E8-FE13-40BE-A2A5-006C32702511}.Debug|x86.Build.0 = Debug|Any CPU
		{3CAEB7E8-FE13-40BE-A2A5-006C32702511}.Release|Any CPU.ActiveCfg = Release|Any CPU
		{3CAEB7E8-FE13-40BE-A2A5-006C32702511}.Release|Any CPU.Build.0 = Release|Any CPU
		{3CAEB7E8-FE13-40BE-A2A5-006C32702511}.Release|x64.ActiveCfg = Release|Any CPU
		{3CAEB7E8-FE13-40BE-A2A5-006C32702511}.Release|x64.Build.0 = Release|Any CPU
		{3CAEB7E8-FE13-40BE-A2A5-006C32702511}.Release|x86.ActiveCfg = Release|Any CPU
		{3CAEB7E8-FE13-40BE-A2A5-006C32702511}.Release|x86.Build.0 = Release|Any CPU
		{C81B60E8-4FB5-431B-8C04-FDB92788402D}.Debug|Any CPU.ActiveCfg = Debug|Any CPU
		{C81B60E8-4FB5-431B-8C04-FDB92788402D}.Debug|Any CPU.Build.0 = Debug|Any CPU
		{C81B60E8-4FB5-431B-8C04-FDB92788402D}.Debug|x64.ActiveCfg = Debug|Any CPU
		{C81B60E8-4FB5-431B-8C04-FDB92788402D}.Debug|x64.Build.0 = Debug|Any CPU
		{C81B60E8-4FB5-431B-8C04-FDB92788402D}.Debug|x86.ActiveCfg = Debug|Any CPU
		{C81B60E8-4FB5-431B-8C04-FDB92788402D}.Debug|x86.Build.0 = Debug|Any CPU
		{C81B60E8-4FB5-431B-8C04-FDB92788402D}.Release|Any CPU.ActiveCfg = Release|Any CPU
		{C81B60E8-4FB5-431B-8C04-FDB92788402D}.Release|Any CPU.Build.0 = Release|Any CPU
		{C81B60E8-4FB5-431B-8C04-FDB92788402D}.Release|x64.ActiveCfg = Release|Any CPU
		{C81B60E8-4FB5-431B-8C04-FDB92788402D}.Release|x64.Build.0 = Release|Any CPU
		{C81B60E8-4FB5-431B-8C04-FDB92788402D}.Release|x86.ActiveCfg = Release|Any CPU
		{C81B60E8-4FB5-431B-8C04-FDB92788402D}.Release|x86.Build.0 = Release|Any CPU
		{022B2DA0-B72B-43D7-9F9F-594126819251}.Debug|Any CPU.ActiveCfg = Debug|Any CPU
		{022B2DA0-B72B-43D7-9F9F-594126819251}.Debug|Any CPU.Build.0 = Debug|Any CPU
		{022B2DA0-B72B-43D7-9F9F-594126819251}.Debug|x64.ActiveCfg = Debug|Any CPU
		{022B2DA0-B72B-43D7-9F9F-594126819251}.Debug|x64.Build.0 = Debug|Any CPU
		{022B2DA0-B72B-43D7-9F9F-594126819251}.Debug|x86.ActiveCfg = Debug|Any CPU
		{022B2DA0-B72B-43D7-9F9F-594126819251}.Debug|x86.Build.0 = Debug|Any CPU
		{022B2DA0-B72B-43D7-9F9F-594126819251}.Release|Any CPU.ActiveCfg = Release|Any CPU
		{022B2DA0-B72B-43D7-9F9F-594126819251}.Release|Any CPU.Build.0 = Release|Any CPU
		{022B2DA0-B72B-43D7-9F9F-594126819251}.Release|x64.ActiveCfg = Release|Any CPU
		{022B2DA0-B72B-43D7-9F9F-594126819251}.Release|x64.Build.0 = Release|Any CPU
		{022B2DA0-B72B-43D7-9F9F-594126819251}.Release|x86.ActiveCfg = Release|Any CPU
		{022B2DA0-B72B-43D7-9F9F-594126819251}.Release|x86.Build.0 = Release|Any CPU
		{FF80FBFD-7607-45DD-AABF-EE79370F4C58}.Debug|Any CPU.ActiveCfg = Debug|Any CPU
		{FF80FBFD-7607-45DD-AABF-EE79370F4C58}.Debug|Any CPU.Build.0 = Debug|Any CPU
		{FF80FBFD-7607-45DD-AABF-EE79370F4C58}.Debug|x64.ActiveCfg = Debug|Any CPU
		{FF80FBFD-7607-45DD-AABF-EE79370F4C58}.Debug|x64.Build.0 = Debug|Any CPU
		{FF80FBFD-7607-45DD-AABF-EE79370F4C58}.Debug|x86.ActiveCfg = Debug|Any CPU
		{FF80FBFD-7607-45DD-AABF-EE79370F4C58}.Debug|x86.Build.0 = Debug|Any CPU
		{FF80FBFD-7607-45DD-AABF-EE79370F4C58}.Release|Any CPU.ActiveCfg = Release|Any CPU
		{FF80FBFD-7607-45DD-AABF-EE79370F4C58}.Release|Any CPU.Build.0 = Release|Any CPU
		{FF80FBFD-7607-45DD-AABF-EE79370F4C58}.Release|x64.ActiveCfg = Release|Any CPU
		{FF80FBFD-7607-45DD-AABF-EE79370F4C58}.Release|x64.Build.0 = Release|Any CPU
		{FF80FBFD-7607-45DD-AABF-EE79370F4C58}.Release|x86.ActiveCfg = Release|Any CPU
		{FF80FBFD-7607-45DD-AABF-EE79370F4C58}.Release|x86.Build.0 = Release|Any CPU
		{9EC5E5FD-EF7C-4A92-B58C-AA297BE391DC}.Debug|Any CPU.ActiveCfg = Debug|Any CPU
		{9EC5E5FD-EF7C-4A92-B58C-AA297BE391DC}.Debug|Any CPU.Build.0 = Debug|Any CPU
		{9EC5E5FD-EF7C-4A92-B58C-AA297BE391DC}.Debug|x64.ActiveCfg = Debug|Any CPU
		{9EC5E5FD-EF7C-4A92-B58C-AA297BE391DC}.Debug|x64.Build.0 = Debug|Any CPU
		{9EC5E5FD-EF7C-4A92-B58C-AA297BE391DC}.Debug|x86.ActiveCfg = Debug|Any CPU
		{9EC5E5FD-EF7C-4A92-B58C-AA297BE391DC}.Debug|x86.Build.0 = Debug|Any CPU
		{9EC5E5FD-EF7C-4A92-B58C-AA297BE391DC}.Release|Any CPU.ActiveCfg = Release|Any CPU
		{9EC5E5FD-EF7C-4A92-B58C-AA297BE391DC}.Release|Any CPU.Build.0 = Release|Any CPU
		{9EC5E5FD-EF7C-4A92-B58C-AA297BE391DC}.Release|x64.ActiveCfg = Release|Any CPU
		{9EC5E5FD-EF7C-4A92-B58C-AA297BE391DC}.Release|x64.Build.0 = Release|Any CPU
		{9EC5E5FD-EF7C-4A92-B58C-AA297BE391DC}.Release|x86.ActiveCfg = Release|Any CPU
		{9EC5E5FD-EF7C-4A92-B58C-AA297BE391DC}.Release|x86.Build.0 = Release|Any CPU
		{29D18DD1-A031-403B-8E58-F2F541EF36B0}.Debug|Any CPU.ActiveCfg = Debug|Any CPU
		{29D18DD1-A031-403B-8E58-F2F541EF36B0}.Debug|Any CPU.Build.0 = Debug|Any CPU
		{29D18DD1-A031-403B-8E58-F2F541EF36B0}.Debug|x64.ActiveCfg = Debug|Any CPU
		{29D18DD1-A031-403B-8E58-F2F541EF36B0}.Debug|x64.Build.0 = Debug|Any CPU
		{29D18DD1-A031-403B-8E58-F2F541EF36B0}.Debug|x86.ActiveCfg = Debug|Any CPU
		{29D18DD1-A031-403B-8E58-F2F541EF36B0}.Debug|x86.Build.0 = Debug|Any CPU
		{29D18DD1-A031-403B-8E58-F2F541EF36B0}.Release|Any CPU.ActiveCfg = Release|Any CPU
		{29D18DD1-A031-403B-8E58-F2F541EF36B0}.Release|Any CPU.Build.0 = Release|Any CPU
		{29D18DD1-A031-403B-8E58-F2F541EF36B0}.Release|x64.ActiveCfg = Release|Any CPU
		{29D18DD1-A031-403B-8E58-F2F541EF36B0}.Release|x64.Build.0 = Release|Any CPU
		{29D18DD1-A031-403B-8E58-F2F541EF36B0}.Release|x86.ActiveCfg = Release|Any CPU
		{29D18DD1-A031-403B-8E58-F2F541EF36B0}.Release|x86.Build.0 = Release|Any CPU
		{04F68ED2-85C7-49CE-AC3F-A167A78251EC}.Debug|Any CPU.ActiveCfg = Debug|Any CPU
		{04F68ED2-85C7-49CE-AC3F-A167A78251EC}.Debug|Any CPU.Build.0 = Debug|Any CPU
		{04F68ED2-85C7-49CE-AC3F-A167A78251EC}.Debug|x64.ActiveCfg = Debug|Any CPU
		{04F68ED2-85C7-49CE-AC3F-A167A78251EC}.Debug|x64.Build.0 = Debug|Any CPU
		{04F68ED2-85C7-49CE-AC3F-A167A78251EC}.Debug|x86.ActiveCfg = Debug|Any CPU
		{04F68ED2-85C7-49CE-AC3F-A167A78251EC}.Debug|x86.Build.0 = Debug|Any CPU
		{04F68ED2-85C7-49CE-AC3F-A167A78251EC}.Release|Any CPU.ActiveCfg = Release|Any CPU
		{04F68ED2-85C7-49CE-AC3F-A167A78251EC}.Release|Any CPU.Build.0 = Release|Any CPU
		{04F68ED2-85C7-49CE-AC3F-A167A78251EC}.Release|x64.ActiveCfg = Release|Any CPU
		{04F68ED2-85C7-49CE-AC3F-A167A78251EC}.Release|x64.Build.0 = Release|Any CPU
		{04F68ED2-85C7-49CE-AC3F-A167A78251EC}.Release|x86.ActiveCfg = Release|Any CPU
		{04F68ED2-85C7-49CE-AC3F-A167A78251EC}.Release|x86.Build.0 = Release|Any CPU
		{70F63701-D1DC-4A85-9728-8B02A48CB440}.Debug|Any CPU.ActiveCfg = Debug|Any CPU
		{70F63701-D1DC-4A85-9728-8B02A48CB440}.Debug|Any CPU.Build.0 = Debug|Any CPU
		{70F63701-D1DC-4A85-9728-8B02A48CB440}.Debug|x64.ActiveCfg = Debug|Any CPU
		{70F63701-D1DC-4A85-9728-8B02A48CB440}.Debug|x64.Build.0 = Debug|Any CPU
		{70F63701-D1DC-4A85-9728-8B02A48CB440}.Debug|x86.ActiveCfg = Debug|Any CPU
		{70F63701-D1DC-4A85-9728-8B02A48CB440}.Debug|x86.Build.0 = Debug|Any CPU
		{70F63701-D1DC-4A85-9728-8B02A48CB440}.Release|Any CPU.ActiveCfg = Release|Any CPU
		{70F63701-D1DC-4A85-9728-8B02A48CB440}.Release|Any CPU.Build.0 = Release|Any CPU
		{70F63701-D1DC-4A85-9728-8B02A48CB440}.Release|x64.ActiveCfg = Release|Any CPU
		{70F63701-D1DC-4A85-9728-8B02A48CB440}.Release|x64.Build.0 = Release|Any CPU
		{70F63701-D1DC-4A85-9728-8B02A48CB440}.Release|x86.ActiveCfg = Release|Any CPU
		{70F63701-D1DC-4A85-9728-8B02A48CB440}.Release|x86.Build.0 = Release|Any CPU
	EndGlobalSection
	GlobalSection(SolutionProperties) = preSolution
		HideSolutionNode = FALSE
	EndGlobalSection
	GlobalSection(NestedProjects) = preSolution
		{FF80FBFD-7607-45DD-AABF-EE79370F4C58} = {E7136787-4FD1-4D28-8E3D-60C62A548F85}
		{9EC5E5FD-EF7C-4A92-B58C-AA297BE391DC} = {E7136787-4FD1-4D28-8E3D-60C62A548F85}
		{29D18DD1-A031-403B-8E58-F2F541EF36B0} = {E7136787-4FD1-4D28-8E3D-60C62A548F85}
		{04F68ED2-85C7-49CE-AC3F-A167A78251EC} = {61C3E688-795A-4130-A974-F68770B45E93}
		{70F63701-D1DC-4A85-9728-8B02A48CB440} = {61C3E688-795A-4130-A974-F68770B45E93}
	EndGlobalSection
	GlobalSection(ExtensibilityGlobals) = postSolution
		SolutionGuid = {98F0F7D0-86A5-4843-952E-52F1C4311764}
	EndGlobalSection
EndGlobal
